
Microsoft Visual Studio Solution File, Format Version 12.00
# Visual Studio 2012
Project("{FAE04EC0-301F-11D3-BF4B-00C04F79EFBC}") = "TransformConfig", "TransformConfig\TransformConfig.csproj", "{A91DF57C-B4BF-45F3-9456-B31D81E0898B}"
EndProject
Global
	GlobalSection(SolutionConfigurationPlatforms) = preSolution
		Debug|Any CPU = Debug|Any CPU
		Release|Any CPU = Release|Any CPU
	EndGlobalSection
	GlobalSection(ProjectConfigurationPlatforms) = postSolution
		{A91DF57C-B4BF-45F3-9456-B31D81E0898B}.Debug|Any CPU.ActiveCfg = Debug|Any CPU
		{A91DF57C-B4BF-45F3-9456-B31D81E0898B}.Debug|Any CPU.Build.0 = Debug|Any CPU
		{A91DF57C-B4BF-45F3-9456-B31D81E0898B}.Release|Any CPU.ActiveCfg = Release|Any CPU
		{A91DF57C-B4BF-45F3-9456-B31D81E0898B}.Release|Any CPU.Build.0 = Release|Any CPU
	EndGlobalSection
	GlobalSection(SolutionProperties) = preSolution
		HideSolutionNode = FALSE
	EndGlobalSection
EndGlobal
